// !$*UTF8*$!
{
	archiveVersion = 1;
	classes = {
	};
	objectVersion = 56;
	objects = {

/* Begin PBXBuildFile section */
		/* App Delegate */
		A1000001000000000000001 /* AppDelegate.mm in Sources */ = {isa = PBXBuildFile; fileRef = A2000001000000000000001 /* AppDelegate.mm */; };
		A1000002000000000000001 /* ViewController.mm in Sources */ = {isa = PBXBuildFile; fileRef = A2000002000000000000001 /* ViewController.mm */; };

		/* iOS Platform Files */
		A1000003000000000000001 /* IOSPlatform.mm in Sources */ = {isa = PBXBuildFile; fileRef = A2000003000000000000001 /* IOSPlatform.mm */; };
		A1000004000000000000001 /* IOSGLContext.mm in Sources */ = {isa = PBXBuildFile; fileRef = A2000004000000000000001 /* IOSGLContext.mm */; };
		A1000005000000000000001 /* MetalRenderer.mm in Sources */ = {isa = PBXBuildFile; fileRef = A2000005000000000000001 /* MetalRenderer.mm */; };
		A1000006000000000000001 /* IOSTouchInput.mm in Sources */ = {isa = PBXBuildFile; fileRef = A2000006000000000000001 /* IOSTouchInput.mm */; };
		A1000007000000000000001 /* IOSAppDelegate.mm in Sources */ = {isa = PBXBuildFile; fileRef = A2000007000000000000001 /* IOSAppDelegate.mm */; };

		/* Resources */
		A1000010000000000000001 /* Assets.xcassets in Resources */ = {isa = PBXBuildFile; fileRef = A2000010000000000000001 /* Assets.xcassets */; };
		A1000011000000000000001 /* LaunchScreen.storyboard in Resources */ = {isa = PBXBuildFile; fileRef = A2000011000000000000001 /* LaunchScreen.storyboard */; };
		A1000012000000000000001 /* assets in Resources */ = {isa = PBXBuildFile; fileRef = A2000012000000000000001 /* assets */; };

		/* Frameworks */
		A1000020000000000000001 /* Foundation.framework in Frameworks */ = {isa = PBXBuildFile; fileRef = A2000020000000000000001 /* Foundation.framework */; };
		A1000021000000000000001 /* UIKit.framework in Frameworks */ = {isa = PBXBuildFile; fileRef = A2000021000000000000001 /* UIKit.framework */; };
		A1000022000000000000001 /* Metal.framework in Frameworks */ = {isa = PBXBuildFile; fileRef = A2000022000000000000001 /* Metal.framework */; };
		A1000023000000000000001 /* MetalKit.framework in Frameworks */ = {isa = PBXBuildFile; fileRef = A2000023000000000000001 /* MetalKit.framework */; };
		A1000024000000000000001 /* OpenGLES.framework in Frameworks */ = {isa = PBXBuildFile; fileRef = A2000024000000000000001 /* OpenGLES.framework */; };
		A1000025000000000000001 /* QuartzCore.framework in Frameworks */ = {isa = PBXBuildFile; fileRef = A2000025000000000000001 /* QuartzCore.framework */; };
		A1000026000000000000001 /* CoreLocation.framework in Frameworks */ = {isa = PBXBuildFile; fileRef = A2000026000000000000001 /* CoreLocation.framework */; };
		A1000027000000000000001 /* CoreGraphics.framework in Frameworks */ = {isa = PBXBuildFile; fileRef = A2000027000000000000001 /* CoreGraphics.framework */; };
		A1000028000000000000001 /* CoreMotion.framework in Frameworks */ = {isa = PBXBuildFile; fileRef = A2000028000000000000001 /* CoreMotion.framework */; };
		A1000029000000000000001 /* CoreHaptics.framework in Frameworks */ = {isa = PBXBuildFile; fileRef = A2000029000000000000001 /* CoreHaptics.framework */; };
		A1000030000000000000001 /* GameKit.framework in Frameworks */ = {isa = PBXBuildFile; fileRef = A2000030000000000000001 /* GameKit.framework */; };
		A1000031000000000000001 /* AVFoundation.framework in Frameworks */ = {isa = PBXBuildFile; fileRef = A2000031000000000000001 /* AVFoundation.framework */; };
		A1000032000000000000001 /* AudioToolbox.framework in Frameworks */ = {isa = PBXBuildFile; fileRef = A2000032000000000000001 /* AudioToolbox.framework */; };
		A1000033000000000000001 /* UserNotifications.framework in Frameworks */ = {isa = PBXBuildFile; fileRef = A2000033000000000000001 /* UserNotifications.framework */; };
/* End PBXBuildFile section */

/* Begin PBXFileReference section */
		/* Product */
		A2000000000000000000001 /* Vehement2.app */ = {isa = PBXFileReference; explicitFileType = wrapper.application; includeInIndex = 0; path = Vehement2.app; sourceTree = BUILT_PRODUCTS_DIR; };

		/* App Delegate */
		A2000001000000000000001 /* AppDelegate.mm */ = {isa = PBXFileReference; lastKnownFileType = sourcecode.cpp.objcpp; path = AppDelegate.mm; sourceTree = "<group>"; };
		A2000002000000000000001 /* ViewController.mm */ = {isa = PBXFileReference; lastKnownFileType = sourcecode.cpp.objcpp; path = ViewController.mm; sourceTree = "<group>"; };

		/* iOS Platform Files */
		A2000003000000000000001 /* IOSPlatform.mm */ = {isa = PBXFileReference; lastKnownFileType = sourcecode.cpp.objcpp; path = IOSPlatform.mm; sourceTree = "<group>"; };
		A2000003100000000000001 /* IOSPlatform.hpp */ = {isa = PBXFileReference; lastKnownFileType = sourcecode.cpp.h; path = IOSPlatform.hpp; sourceTree = "<group>"; };
		A2000004000000000000001 /* IOSGLContext.mm */ = {isa = PBXFileReference; lastKnownFileType = sourcecode.cpp.objcpp; path = IOSGLContext.mm; sourceTree = "<group>"; };
		A2000004100000000000001 /* IOSGLContext.hpp */ = {isa = PBXFileReference; lastKnownFileType = sourcecode.cpp.h; path = IOSGLContext.hpp; sourceTree = "<group>"; };
		A2000005000000000000001 /* MetalRenderer.mm */ = {isa = PBXFileReference; lastKnownFileType = sourcecode.cpp.objcpp; path = MetalRenderer.mm; sourceTree = "<group>"; };
		A2000005100000000000001 /* MetalRenderer.hpp */ = {isa = PBXFileReference; lastKnownFileType = sourcecode.cpp.h; path = MetalRenderer.hpp; sourceTree = "<group>"; };
		A2000006000000000000001 /* IOSTouchInput.mm */ = {isa = PBXFileReference; lastKnownFileType = sourcecode.cpp.objcpp; path = IOSTouchInput.mm; sourceTree = "<group>"; };
		A2000006100000000000001 /* IOSTouchInput.hpp */ = {isa = PBXFileReference; lastKnownFileType = sourcecode.cpp.h; path = IOSTouchInput.hpp; sourceTree = "<group>"; };
		A2000007000000000000001 /* IOSAppDelegate.mm */ = {isa = PBXFileReference; lastKnownFileType = sourcecode.cpp.objcpp; path = IOSAppDelegate.mm; sourceTree = "<group>"; };
		A2000007100000000000001 /* IOSAppDelegate.hpp */ = {isa = PBXFileReference; lastKnownFileType = sourcecode.cpp.h; path = IOSAppDelegate.hpp; sourceTree = "<group>"; };
		A2000008000000000000001 /* Platform.hpp */ = {isa = PBXFileReference; lastKnownFileType = sourcecode.cpp.h; path = Platform.hpp; sourceTree = "<group>"; };

		/* Resources */
		A2000010000000000000001 /* Assets.xcassets */ = {isa = PBXFileReference; lastKnownFileType = folder.assetcatalog; path = Assets.xcassets; sourceTree = "<group>"; };
		A2000011000000000000001 /* LaunchScreen.storyboard */ = {isa = PBXFileReference; lastKnownFileType = file.storyboard; path = LaunchScreen.storyboard; sourceTree = "<group>"; };
		A2000012000000000000001 /* assets */ = {isa = PBXFileReference; lastKnownFileType = folder; name = assets; path = ../../assets; sourceTree = "<group>"; };
		A2000013000000000000001 /* Info.plist */ = {isa = PBXFileReference; lastKnownFileType = text.plist.xml; path = Info.plist; sourceTree = "<group>"; };

		/* Frameworks */
		A2000020000000000000001 /* Foundation.framework */ = {isa = PBXFileReference; lastKnownFileType = wrapper.framework; name = Foundation.framework; path = System/Library/Frameworks/Foundation.framework; sourceTree = SDKROOT; };
		A2000021000000000000001 /* UIKit.framework */ = {isa = PBXFileReference; lastKnownFileType = wrapper.framework; name = UIKit.framework; path = System/Library/Frameworks/UIKit.framework; sourceTree = SDKROOT; };
		A2000022000000000000001 /* Metal.framework */ = {isa = PBXFileReference; lastKnownFileType = wrapper.framework; name = Metal.framework; path = System/Library/Frameworks/Metal.framework; sourceTree = SDKROOT; };
		A2000023000000000000001 /* MetalKit.framework */ = {isa = PBXFileReference; lastKnownFileType = wrapper.framework; name = MetalKit.framework; path = System/Library/Frameworks/MetalKit.framework; sourceTree = SDKROOT; };
		A2000024000000000000001 /* OpenGLES.framework */ = {isa = PBXFileReference; lastKnownFileType = wrapper.framework; name = OpenGLES.framework; path = System/Library/Frameworks/OpenGLES.framework; sourceTree = SDKROOT; };
		A2000025000000000000001 /* QuartzCore.framework */ = {isa = PBXFileReference; lastKnownFileType = wrapper.framework; name = QuartzCore.framework; path = System/Library/Frameworks/QuartzCore.framework; sourceTree = SDKROOT; };
		A2000026000000000000001 /* CoreLocation.framework */ = {isa = PBXFileReference; lastKnownFileType = wrapper.framework; name = CoreLocation.framework; path = System/Library/Frameworks/CoreLocation.framework; sourceTree = SDKROOT; };
		A2000027000000000000001 /* CoreGraphics.framework */ = {isa = PBXFileReference; lastKnownFileType = wrapper.framework; name = CoreGraphics.framework; path = System/Library/Frameworks/CoreGraphics.framework; sourceTree = SDKROOT; };
		A2000028000000000000001 /* CoreMotion.framework */ = {isa = PBXFileReference; lastKnownFileType = wrapper.framework; name = CoreMotion.framework; path = System/Library/Frameworks/CoreMotion.framework; sourceTree = SDKROOT; };
		A2000029000000000000001 /* CoreHaptics.framework */ = {isa = PBXFileReference; lastKnownFileType = wrapper.framework; name = CoreHaptics.framework; path = System/Library/Frameworks/CoreHaptics.framework; sourceTree = SDKROOT; };
		A2000030000000000000001 /* GameKit.framework */ = {isa = PBXFileReference; lastKnownFileType = wrapper.framework; name = GameKit.framework; path = System/Library/Frameworks/GameKit.framework; sourceTree = SDKROOT; };
		A2000031000000000000001 /* AVFoundation.framework */ = {isa = PBXFileReference; lastKnownFileType = wrapper.framework; name = AVFoundation.framework; path = System/Library/Frameworks/AVFoundation.framework; sourceTree = SDKROOT; };
		A2000032000000000000001 /* AudioToolbox.framework */ = {isa = PBXFileReference; lastKnownFileType = wrapper.framework; name = AudioToolbox.framework; path = System/Library/Frameworks/AudioToolbox.framework; sourceTree = SDKROOT; };
		A2000033000000000000001 /* UserNotifications.framework */ = {isa = PBXFileReference; lastKnownFileType = wrapper.framework; name = UserNotifications.framework; path = System/Library/Frameworks/UserNotifications.framework; sourceTree = SDKROOT; };
/* End PBXFileReference section */

/* Begin PBXFrameworksBuildPhase section */
		A3000001000000000000001 /* Frameworks */ = {
			isa = PBXFrameworksBuildPhase;
			buildActionMask = 2147483647;
			files = (
				A1000020000000000000001 /* Foundation.framework in Frameworks */,
				A1000021000000000000001 /* UIKit.framework in Frameworks */,
				A1000022000000000000001 /* Metal.framework in Frameworks */,
				A1000023000000000000001 /* MetalKit.framework in Frameworks */,
				A1000024000000000000001 /* OpenGLES.framework in Frameworks */,
				A1000025000000000000001 /* QuartzCore.framework in Frameworks */,
				A1000026000000000000001 /* CoreLocation.framework in Frameworks */,
				A1000027000000000000001 /* CoreGraphics.framework in Frameworks */,
				A1000028000000000000001 /* CoreMotion.framework in Frameworks */,
				A1000029000000000000001 /* CoreHaptics.framework in Frameworks */,
				A1000030000000000000001 /* GameKit.framework in Frameworks */,
				A1000031000000000000001 /* AVFoundation.framework in Frameworks */,
				A1000032000000000000001 /* AudioToolbox.framework in Frameworks */,
				A1000033000000000000001 /* UserNotifications.framework in Frameworks */,
			);
			runOnlyForDeploymentPostprocessing = 0;
		};
/* End PBXFrameworksBuildPhase section */

/* Begin PBXGroup section */
		A4000001000000000000001 = {
			isa = PBXGroup;
			children = (
				A4000002000000000000001 /* Vehement2 */,
				A4000003000000000000001 /* Engine */,
				A4000004000000000000001 /* Frameworks */,
				A4000005000000000000001 /* Products */,
			);
			sourceTree = "<group>";
		};
		A4000002000000000000001 /* Vehement2 */ = {
			isa = PBXGroup;
			children = (
				A2000001000000000000001 /* AppDelegate.mm */,
				A2000002000000000000001 /* ViewController.mm */,
				A2000010000000000000001 /* Assets.xcassets */,
				A2000011000000000000001 /* LaunchScreen.storyboard */,
				A2000012000000000000001 /* assets */,
				A2000013000000000000001 /* Info.plist */,
			);
			path = Vehement2;
			sourceTree = "<group>";
		};
		A4000003000000000000001 /* Engine */ = {
			isa = PBXGroup;
			children = (
				A4000006000000000000001 /* platform */,
			);
			name = Engine;
			path = ../engine;
			sourceTree = "<group>";
		};
		A4000004000000000000001 /* Frameworks */ = {
			isa = PBXGroup;
			children = (
				A2000020000000000000001 /* Foundation.framework */,
				A2000021000000000000001 /* UIKit.framework */,
				A2000022000000000000001 /* Metal.framework */,
				A2000023000000000000001 /* MetalKit.framework */,
				A2000024000000000000001 /* OpenGLES.framework */,
				A2000025000000000000001 /* QuartzCore.framework */,
				A2000026000000000000001 /* CoreLocation.framework */,
				A2000027000000000000001 /* CoreGraphics.framework */,
				A2000028000000000000001 /* CoreMotion.framework */,
				A2000029000000000000001 /* CoreHaptics.framework */,
				A2000030000000000000001 /* GameKit.framework */,
				A2000031000000000000001 /* AVFoundation.framework */,
				A2000032000000000000001 /* AudioToolbox.framework */,
				A2000033000000000000001 /* UserNotifications.framework */,
			);
			name = Frameworks;
			sourceTree = "<group>";
		};
		A4000005000000000000001 /* Products */ = {
			isa = PBXGroup;
			children = (
				A2000000000000000000001 /* Vehement2.app */,
			);
			name = Products;
			sourceTree = "<group>";
		};
		A4000006000000000000001 /* platform */ = {
			isa = PBXGroup;
			children = (
				A2000008000000000000001 /* Platform.hpp */,
				A4000007000000000000001 /* ios */,
			);
			path = platform;
			sourceTree = "<group>";
		};
		A4000007000000000000001 /* ios */ = {
			isa = PBXGroup;
			children = (
				A2000003100000000000001 /* IOSPlatform.hpp */,
				A2000003000000000000001 /* IOSPlatform.mm */,
				A2000004100000000000001 /* IOSGLContext.hpp */,
				A2000004000000000000001 /* IOSGLContext.mm */,
				A2000005100000000000001 /* MetalRenderer.hpp */,
				A2000005000000000000001 /* MetalRenderer.mm */,
				A2000006100000000000001 /* IOSTouchInput.hpp */,
				A2000006000000000000001 /* IOSTouchInput.mm */,
				A2000007100000000000001 /* IOSAppDelegate.hpp */,
				A2000007000000000000001 /* IOSAppDelegate.mm */,
			);
			path = ios;
			sourceTree = "<group>";
		};
/* End PBXGroup section */

/* Begin PBXNativeTarget section */
		A5000001000000000000001 /* Vehement2 */ = {
			isa = PBXNativeTarget;
			buildConfigurationList = A6000001000000000000001 /* Build configuration list for PBXNativeTarget "Vehement2" */;
			buildPhases = (
				A5000002000000000000001 /* Sources */,
				A3000001000000000000001 /* Frameworks */,
				A5000003000000000000001 /* Resources */,
			);
			buildRules = (
			);
			dependencies = (
			);
			name = Vehement2;
			productName = Vehement2;
			productReference = A2000000000000000000001 /* Vehement2.app */;
			productType = "com.apple.product-type.application";
		};
/* End PBXNativeTarget section */

/* Begin PBXProject section */
		A7000001000000000000001 /* Project object */ = {
			isa = PBXProject;
			attributes = {
				BuildIndependentTargetsInParallel = 1;
				LastUpgradeCheck = 1500;
				TargetAttributes = {
					A5000001000000000000001 = {
						CreatedOnToolsVersion = 15.0;
					};
				};
			};
			buildConfigurationList = A6000002000000000000001 /* Build configuration list for PBXProject "Vehement2" */;
			compatibilityVersion = "Xcode 14.0";
			developmentRegion = en;
			hasScannedForEncodings = 0;
			knownRegions = (
				en,
				Base,
			);
			mainGroup = A4000001000000000000001;
			productRefGroup = A4000005000000000000001 /* Products */;
			projectDirPath = "";
			projectRoot = "";
			targets = (
				A5000001000000000000001 /* Vehement2 */,
			);
		};
/* End PBXProject section */

/* Begin PBXResourcesBuildPhase section */
		A5000003000000000000001 /* Resources */ = {
			isa = PBXResourcesBuildPhase;
			buildActionMask = 2147483647;
			files = (
				A1000010000000000000001 /* Assets.xcassets in Resources */,
				A1000011000000000000001 /* LaunchScreen.storyboard in Resources */,
				A1000012000000000000001 /* assets in Resources */,
			);
			runOnlyForDeploymentPostprocessing = 0;
		};
/* End PBXResourcesBuildPhase section */

/* Begin PBXSourcesBuildPhase section */
		A5000002000000000000001 /* Sources */ = {
			isa = PBXSourcesBuildPhase;
			buildActionMask = 2147483647;
			files = (
				A1000001000000000000001 /* AppDelegate.mm in Sources */,
				A1000002000000000000001 /* ViewController.mm in Sources */,
				A1000003000000000000001 /* IOSPlatform.mm in Sources */,
				A1000004000000000000001 /* IOSGLContext.mm in Sources */,
				A1000005000000000000001 /* MetalRenderer.mm in Sources */,
				A1000006000000000000001 /* IOSTouchInput.mm in Sources */,
				A1000007000000000000001 /* IOSAppDelegate.mm in Sources */,
			);
			runOnlyForDeploymentPostprocessing = 0;
		};
/* End PBXSourcesBuildPhase section */

/* Begin XCBuildConfiguration section */
		A8000001000000000000001 /* Debug */ = {
			isa = XCBuildConfiguration;
			buildSettings = {
				ALWAYS_SEARCH_USER_PATHS = NO;
				ASSETCATALOG_COMPILER_GENERATE_SWIFT_ASSET_SYMBOL_EXTENSIONS = YES;
				CLANG_ANALYZER_NONNULL = YES;
				CLANG_ANALYZER_NUMBER_OBJECT_CONVERSION = YES_AGGRESSIVE;
				CLANG_CXX_LANGUAGE_STANDARD = "c++23";
				CLANG_ENABLE_MODULES = YES;
				CLANG_ENABLE_OBJC_ARC = YES;
				CLANG_ENABLE_OBJC_WEAK = YES;
				CLANG_WARN_BLOCK_CAPTURE_AUTORELEASING = YES;
				CLANG_WARN_BOOL_CONVERSION = YES;
				CLANG_WARN_COMMA = YES;
				CLANG_WARN_CONSTANT_CONVERSION = YES;
				CLANG_WARN_DEPRECATED_OBJC_IMPLEMENTATIONS = YES;
				CLANG_WARN_DIRECT_OBJC_ISA_USAGE = YES_ERROR;
				CLANG_WARN_DOCUMENTATION_COMMENTS = YES;
				CLANG_WARN_EMPTY_BODY = YES;
				CLANG_WARN_ENUM_CONVERSION = YES;
				CLANG_WARN_INFINITE_RECURSION = YES;
				CLANG_WARN_INT_CONVERSION = YES;
				CLANG_WARN_NON_LITERAL_NULL_CONVERSION = YES;
				CLANG_WARN_OBJC_IMPLICIT_RETAIN_SELF = YES;
				CLANG_WARN_OBJC_LITERAL_CONVERSION = YES;
				CLANG_WARN_OBJC_ROOT_CLASS = YES_ERROR;
				CLANG_WARN_QUOTED_INCLUDE_IN_FRAMEWORK_HEADER = YES;
				CLANG_WARN_RANGE_LOOP_ANALYSIS = YES;
				CLANG_WARN_STRICT_PROTOTYPES = YES;
				CLANG_WARN_SUSPICIOUS_MOVE = YES;
				CLANG_WARN_UNGUARDED_AVAILABILITY = YES_AGGRESSIVE;
				CLANG_WARN_UNREACHABLE_CODE = YES;
				CLANG_WARN__DUPLICATE_METHOD_MATCH = YES;
				COPY_PHASE_STRIP = NO;
				DEBUG_INFORMATION_FORMAT = dwarf;
				ENABLE_STRICT_OBJC_MSGSEND = YES;
				ENABLE_TESTABILITY = YES;
				ENABLE_USER_SCRIPT_SANDBOXING = YES;
				GCC_C_LANGUAGE_STANDARD = gnu17;
				GCC_DYNAMIC_NO_PIC = NO;
				GCC_NO_COMMON_BLOCKS = YES;
				GCC_OPTIMIZATION_LEVEL = 0;
				GCC_PREPROCESSOR_DEFINITIONS = (
					"DEBUG=1",
					"$(inherited)",
					"NOVA_PLATFORM_IOS=1",
					"GLES_SILENCE_DEPRECATION=1",
				);
				GCC_WARN_64_TO_32_BIT_CONVERSION = YES;
				GCC_WARN_ABOUT_RETURN_TYPE = YES_ERROR;
				GCC_WARN_UNDECLARED_SELECTOR = YES;
				GCC_WARN_UNINITIALIZED_AUTOS = YES_AGGRESSIVE;
				GCC_WARN_UNUSED_FUNCTION = YES;
				GCC_WARN_UNUSED_VARIABLE = YES;
				IPHONEOS_DEPLOYMENT_TARGET = 14.0;
				LOCALIZATION_PREFERS_STRING_CATALOGS = YES;
				MTL_ENABLE_DEBUG_INFO = INCLUDE_SOURCE;
				MTL_FAST_MATH = YES;
				ONLY_ACTIVE_ARCH = YES;
				SDKROOT = iphoneos;
			};
			name = Debug;
		};
		A8000002000000000000001 /* Release */ = {
			isa = XCBuildConfiguration;
			buildSettings = {
				ALWAYS_SEARCH_USER_PATHS = NO;
				ASSETCATALOG_COMPILER_GENERATE_SWIFT_ASSET_SYMBOL_EXTENSIONS = YES;
				CLANG_ANALYZER_NONNULL = YES;
				CLANG_ANALYZER_NUMBER_OBJECT_CONVERSION = YES_AGGRESSIVE;
				CLANG_CXX_LANGUAGE_STANDARD = "c++23";
				CLANG_ENABLE_MODULES = YES;
				CLANG_ENABLE_OBJC_ARC = YES;
				CLANG_ENABLE_OBJC_WEAK = YES;
				CLANG_WARN_BLOCK_CAPTURE_AUTORELEASING = YES;
				CLANG_WARN_BOOL_CONVERSION = YES;
				CLANG_WARN_COMMA = YES;
				CLANG_WARN_CONSTANT_CONVERSION = YES;
				CLANG_WARN_DEPRECATED_OBJC_IMPLEMENTATIONS = YES;
				CLANG_WARN_DIRECT_OBJC_ISA_USAGE = YES_ERROR;
				CLANG_WARN_DOCUMENTATION_COMMENTS = YES;
				CLANG_WARN_EMPTY_BODY = YES;
				CLANG_WARN_ENUM_CONVERSION = YES;
				CLANG_WARN_INFINITE_RECURSION = YES;
				CLANG_WARN_INT_CONVERSION = YES;
				CLANG_WARN_NON_LITERAL_NULL_CONVERSION = YES;
				CLANG_WARN_OBJC_IMPLICIT_RETAIN_SELF = YES;
				CLANG_WARN_OBJC_LITERAL_CONVERSION = YES;
				CLANG_WARN_OBJC_ROOT_CLASS = YES_ERROR;
				CLANG_WARN_QUOTED_INCLUDE_IN_FRAMEWORK_HEADER = YES;
				CLANG_WARN_RANGE_LOOP_ANALYSIS = YES;
				CLANG_WARN_STRICT_PROTOTYPES = YES;
				CLANG_WARN_SUSPICIOUS_MOVE = YES;
				CLANG_WARN_UNGUARDED_AVAILABILITY = YES_AGGRESSIVE;
				CLANG_WARN_UNREACHABLE_CODE = YES;
				CLANG_WARN__DUPLICATE_METHOD_MATCH = YES;
				COPY_PHASE_STRIP = NO;
				DEBUG_INFORMATION_FORMAT = "dwarf-with-dsym";
				ENABLE_NS_ASSERTIONS = NO;
				ENABLE_STRICT_OBJC_MSGSEND = YES;
				ENABLE_USER_SCRIPT_SANDBOXING = YES;
				GCC_C_LANGUAGE_STANDARD = gnu17;
				GCC_NO_COMMON_BLOCKS = YES;
				GCC_PREPROCESSOR_DEFINITIONS = (
					"NDEBUG=1",
					"$(inherited)",
					"NOVA_PLATFORM_IOS=1",
					"GLES_SILENCE_DEPRECATION=1",
				);
				GCC_WARN_64_TO_32_BIT_CONVERSION = YES;
				GCC_WARN_ABOUT_RETURN_TYPE = YES_ERROR;
				GCC_WARN_UNDECLARED_SELECTOR = YES;
				GCC_WARN_UNINITIALIZED_AUTOS = YES_AGGRESSIVE;
				GCC_WARN_UNUSED_FUNCTION = YES;
				GCC_WARN_UNUSED_VARIABLE = YES;
				IPHONEOS_DEPLOYMENT_TARGET = 14.0;
				LOCALIZATION_PREFERS_STRING_CATALOGS = YES;
				MTL_ENABLE_DEBUG_INFO = NO;
				MTL_FAST_MATH = YES;
				SDKROOT = iphoneos;
				VALIDATE_PRODUCT = YES;
			};
			name = Release;
		};
		A8000003000000000000001 /* Debug */ = {
			isa = XCBuildConfiguration;
			buildSettings = {
				ASSETCATALOG_COMPILER_APPICON_NAME = AppIcon;
				ASSETCATALOG_COMPILER_GLOBAL_ACCENT_COLOR_NAME = AccentColor;
				CODE_SIGN_STYLE = Automatic;
				CURRENT_PROJECT_VERSION = 1;
				DEVELOPMENT_TEAM = "";
				GENERATE_INFOPLIST_FILE = NO;
				HEADER_SEARCH_PATHS = (
					"$(inherited)",
					"$(SRCROOT)/..",
					"$(SRCROOT)/../engine",
				);
				INFOPLIST_FILE = Vehement2/Info.plist;
				INFOPLIST_KEY_CFBundleDisplayName = "Vehement 2";
				INFOPLIST_KEY_LSApplicationCategoryType = "public.app-category.games";
				INFOPLIST_KEY_UIApplicationSupportsIndirectInputEvents = YES;
				INFOPLIST_KEY_UILaunchStoryboardName = LaunchScreen;
				INFOPLIST_KEY_UIRequiresFullScreen = YES;
				INFOPLIST_KEY_UIStatusBarHidden = YES;
				INFOPLIST_KEY_UISupportedInterfaceOrientations = "UIInterfaceOrientationLandscapeLeft UIInterfaceOrientationLandscapeRight";
				LD_RUNPATH_SEARCH_PATHS = (
					"$(inherited)",
					"@executable_path/Frameworks",
				);
				MARKETING_VERSION = 1.0.0;
				PRODUCT_BUNDLE_IDENTIFIER = com.nova3d.vehement2;
				PRODUCT_NAME = "$(TARGET_NAME)";
				SUPPORTED_PLATFORMS = "iphoneos iphonesimulator";
				SUPPORTS_MACCATALYST = NO;
				SWIFT_EMIT_LOC_STRINGS = YES;
				TARGETED_DEVICE_FAMILY = "1,2";
			};
			name = Debug;
		};
		A8000004000000000000001 /* Release */ = {
			isa = XCBuildConfiguration;
			buildSettings = {
				ASSETCATALOG_COMPILER_APPICON_NAME = AppIcon;
				ASSETCATALOG_COMPILER_GLOBAL_ACCENT_COLOR_NAME = AccentColor;
				CODE_SIGN_STYLE = Automatic;
				CURRENT_PROJECT_VERSION = 1;
				DEVELOPMENT_TEAM = "";
				GENERATE_INFOPLIST_FILE = NO;
				HEADER_SEARCH_PATHS = (
					"$(inherited)",
					"$(SRCROOT)/..",
					"$(SRCROOT)/../engine",
				);
				INFOPLIST_FILE = Vehement2/Info.plist;
				INFOPLIST_KEY_CFBundleDisplayName = "Vehement 2";
				INFOPLIST_KEY_LSApplicationCategoryType = "public.app-category.games";
				INFOPLIST_KEY_UIApplicationSupportsIndirectInputEvents = YES;
				INFOPLIST_KEY_UILaunchStoryboardName = LaunchScreen;
				INFOPLIST_KEY_UIRequiresFullScreen = YES;
				INFOPLIST_KEY_UIStatusBarHidden = YES;
				INFOPLIST_KEY_UISupportedInterfaceOrientations = "UIInterfaceOrientationLandscapeLeft UIInterfaceOrientationLandscapeRight";
				LD_RUNPATH_SEARCH_PATHS = (
					"$(inherited)",
					"@executable_path/Frameworks",
				);
				MARKETING_VERSION = 1.0.0;
				PRODUCT_BUNDLE_IDENTIFIER = com.nova3d.vehement2;
				PRODUCT_NAME = "$(TARGET_NAME)";
				SUPPORTED_PLATFORMS = "iphoneos iphonesimulator";
				SUPPORTS_MACCATALYST = NO;
				SWIFT_EMIT_LOC_STRINGS = YES;
				TARGETED_DEVICE_FAMILY = "1,2";
			};
			name = Release;
		};
/* End XCBuildConfiguration section */

/* Begin XCConfigurationList section */
		A6000001000000000000001 /* Build configuration list for PBXNativeTarget "Vehement2" */ = {
			isa = XCConfigurationList;
			buildConfigurations = (
				A8000003000000000000001 /* Debug */,
				A8000004000000000000001 /* Release */,
			);
			defaultConfigurationIsVisible = 0;
			defaultConfigurationName = Release;
		};
		A6000002000000000000001 /* Build configuration list for PBXProject "Vehement2" */ = {
			isa = XCConfigurationList;
			buildConfigurations = (
				A8000001000000000000001 /* Debug */,
				A8000002000000000000001 /* Release */,
			);
			defaultConfigurationIsVisible = 0;
			defaultConfigurationName = Release;
		};
/* End XCConfigurationList section */
	};
	rootObject = A7000001000000000000001 /* Project object */;
}
